// !$*UTF8*$!
{
	archiveVersion = 1;
	classes = {
	};
	objectVersion = 46;
	objects = {

/* Begin PBXBuildFile section */
		A20DEEB81B573F710056BA77 /* MasterViewController.swift in Sources */ = {isa = PBXBuildFile; fileRef = A20DEEB41B573F710056BA77 /* MasterViewController.swift */; };
		A20DEEB91B573F710056BA77 /* DetailViewController.swift in Sources */ = {isa = PBXBuildFile; fileRef = A20DEEB51B573F710056BA77 /* DetailViewController.swift */; };
		A20DEEBA1B573F710056BA77 /* ConfigChoiceViewController.swift in Sources */ = {isa = PBXBuildFile; fileRef = A20DEEB61B573F710056BA77 /* ConfigChoiceViewController.swift */; };
		A20DEEBB1B573F710056BA77 /* ConfigViewController.swift in Sources */ = {isa = PBXBuildFile; fileRef = A20DEEB71B573F710056BA77 /* ConfigViewController.swift */; };
		A21185C21B2E3ECF006E35B3 /* AppDelegate.swift in Sources */ = {isa = PBXBuildFile; fileRef = A21185C11B2E3ECF006E35B3 /* AppDelegate.swift */; };
		A21185CB1B2E3ED0006E35B3 /* Images.xcassets in Resources */ = {isa = PBXBuildFile; fileRef = A21185CA1B2E3ED0006E35B3 /* Images.xcassets */; };
		A21185DA1B2E3ED1006E35B3 /* BaseballLineTests.swift in Sources */ = {isa = PBXBuildFile; fileRef = A21185D91B2E3ED1006E35B3 /* BaseballLineTests.swift */; };
		A21185EF1B2E3F94006E35B3 /* NotificationController.swift in Sources */ = {isa = PBXBuildFile; fileRef = A21185EE1B2E3F94006E35B3 /* NotificationController.swift */; };
		A21185F11B2E3F94006E35B3 /* Images.xcassets in Resources */ = {isa = PBXBuildFile; fileRef = A21185F01B2E3F94006E35B3 /* Images.xcassets */; };
		A21185F51B2E3F94006E35B3 /* BaseballLine WatchKit App.app in Resources */ = {isa = PBXBuildFile; fileRef = A21185F41B2E3F94006E35B3 /* BaseballLine WatchKit App.app */; };
		A21185FD1B2E3F94006E35B3 /* Interface.storyboard in Resources */ = {isa = PBXBuildFile; fileRef = A21185FB1B2E3F94006E35B3 /* Interface.storyboard */; };
		A21185FF1B2E3F94006E35B3 /* Images.xcassets in Resources */ = {isa = PBXBuildFile; fileRef = A21185FE1B2E3F94006E35B3 /* Images.xcassets */; };
		A21186021B2E3F94006E35B3 /* BaseballLine WatchKit Extension.appex in Embed App Extensions */ = {isa = PBXBuildFile; fileRef = A21185E71B2E3F93006E35B3 /* BaseballLine WatchKit Extension.appex */; settings = {ATTRIBUTES = (RemoveHeadersOnCopy, ); }; };
		A22603081B58609D00DE72A1 /* DivisionHeaderCell.swift in Sources */ = {isa = PBXBuildFile; fileRef = A22603071B58609D00DE72A1 /* DivisionHeaderCell.swift */; };
		A2962B211B2FAAC700AA96C2 /* TabBarController.swift in Sources */ = {isa = PBXBuildFile; fileRef = A2962B1F1B2FAAC700AA96C2 /* TabBarController.swift */; };
		A2962B251B2FABF500AA96C2 /* ConfigTableViewCell.swift in Sources */ = {isa = PBXBuildFile; fileRef = A2962B241B2FABF500AA96C2 /* ConfigTableViewCell.swift */; };
		A2CBCCA21B2FB1AA00034EE0 /* Main.storyboard in Resources */ = {isa = PBXBuildFile; fileRef = A2CBCCA01B2FB1AA00034EE0 /* Main.storyboard */; };
		A2CBCCA51B2FB1B200034EE0 /* LaunchScreen.xib in Resources */ = {isa = PBXBuildFile; fileRef = A2CBCCA31B2FB1B200034EE0 /* LaunchScreen.xib */; };
		A2CBCCAB1B2FB78200034EE0 /* TeamDetailController.swift in Sources */ = {isa = PBXBuildFile; fileRef = A2CBCCA81B2FB78200034EE0 /* TeamDetailController.swift */; };
		A2CBCCAC1B2FB78200034EE0 /* TeamDetailRowController.swift in Sources */ = {isa = PBXBuildFile; fileRef = A2CBCCA91B2FB78200034EE0 /* TeamDetailRowController.swift */; };
		A2CBCCAF1B2FB7BE00034EE0 /* TeamsRowController.swift in Sources */ = {isa = PBXBuildFile; fileRef = A2CBCCAE1B2FB7BE00034EE0 /* TeamsRowController.swift */; };
		A2CBCCB51B2FC37700034EE0 /* InterfaceController.swift in Sources */ = {isa = PBXBuildFile; fileRef = A2CBCCB21B2FBEF100034EE0 /* InterfaceController.swift */; };
/* End PBXBuildFile section */

/* Begin PBXContainerItemProxy section */
		A21185D41B2E3ED1006E35B3 /* PBXContainerItemProxy */ = {
			isa = PBXContainerItemProxy;
			containerPortal = A21185B41B2E3ECE006E35B3 /* Project object */;
			proxyType = 1;
			remoteGlobalIDString = A21185BB1B2E3ECE006E35B3;
			remoteInfo = BaseballLine;
		};
		A21185F61B2E3F94006E35B3 /* PBXContainerItemProxy */ = {
			isa = PBXContainerItemProxy;
			containerPortal = A21185B41B2E3ECE006E35B3 /* Project object */;
			proxyType = 1;
			remoteGlobalIDString = A21185F31B2E3F94006E35B3;
			remoteInfo = "BaseballLine WatchKit App";
		};
		A21186001B2E3F94006E35B3 /* PBXContainerItemProxy */ = {
			isa = PBXContainerItemProxy;
			containerPortal = A21185B41B2E3ECE006E35B3 /* Project object */;
			proxyType = 1;
			remoteGlobalIDString = A21185E61B2E3F93006E35B3;
			remoteInfo = "BaseballLine WatchKit Extension";
		};
/* End PBXContainerItemProxy section */

/* Begin PBXCopyFilesBuildPhase section */
		A21186091B2E3F94006E35B3 /* Embed App Extensions */ = {
			isa = PBXCopyFilesBuildPhase;
			buildActionMask = 2147483647;
			dstPath = "";
			dstSubfolderSpec = 13;
			files = (
				A21186021B2E3F94006E35B3 /* BaseballLine WatchKit Extension.appex in Embed App Extensions */,
			);
			name = "Embed App Extensions";
			runOnlyForDeploymentPostprocessing = 0;
		};
/* End PBXCopyFilesBuildPhase section */

/* Begin PBXFileReference section */
		A20DEEB41B573F710056BA77 /* MasterViewController.swift */ = {isa = PBXFileReference; fileEncoding = 4; lastKnownFileType = sourcecode.swift; path = MasterViewController.swift; sourceTree = "<group>"; };
		A20DEEB51B573F710056BA77 /* DetailViewController.swift */ = {isa = PBXFileReference; fileEncoding = 4; lastKnownFileType = sourcecode.swift; path = DetailViewController.swift; sourceTree = "<group>"; };
		A20DEEB61B573F710056BA77 /* ConfigChoiceViewController.swift */ = {isa = PBXFileReference; fileEncoding = 4; lastKnownFileType = sourcecode.swift; path = ConfigChoiceViewController.swift; sourceTree = "<group>"; };
		A20DEEB71B573F710056BA77 /* ConfigViewController.swift */ = {isa = PBXFileReference; fileEncoding = 4; lastKnownFileType = sourcecode.swift; path = ConfigViewController.swift; sourceTree = "<group>"; };
		A21185BC1B2E3ECF006E35B3 /* BaseballLine.app */ = {isa = PBXFileReference; explicitFileType = wrapper.application; includeInIndex = 0; path = BaseballLine.app; sourceTree = BUILT_PRODUCTS_DIR; };
		A21185C01B2E3ECF006E35B3 /* Info.plist */ = {isa = PBXFileReference; lastKnownFileType = text.plist.xml; path = Info.plist; sourceTree = "<group>"; };
		A21185C11B2E3ECF006E35B3 /* AppDelegate.swift */ = {isa = PBXFileReference; lastKnownFileType = sourcecode.swift; path = AppDelegate.swift; sourceTree = "<group>"; };
		A21185CA1B2E3ED0006E35B3 /* Images.xcassets */ = {isa = PBXFileReference; lastKnownFileType = folder.assetcatalog; path = Images.xcassets; sourceTree = "<group>"; };
		A21185D31B2E3ED1006E35B3 /* BaseballLineTests.xctest */ = {isa = PBXFileReference; explicitFileType = wrapper.cfbundle; includeInIndex = 0; path = BaseballLineTests.xctest; sourceTree = BUILT_PRODUCTS_DIR; };
		A21185D81B2E3ED1006E35B3 /* Info.plist */ = {isa = PBXFileReference; lastKnownFileType = text.plist.xml; path = Info.plist; sourceTree = "<group>"; };
		A21185D91B2E3ED1006E35B3 /* BaseballLineTests.swift */ = {isa = PBXFileReference; lastKnownFileType = sourcecode.swift; path = BaseballLineTests.swift; sourceTree = "<group>"; };
		A21185E71B2E3F93006E35B3 /* BaseballLine WatchKit Extension.appex */ = {isa = PBXFileReference; explicitFileType = "wrapper.app-extension"; includeInIndex = 0; path = "BaseballLine WatchKit Extension.appex"; sourceTree = BUILT_PRODUCTS_DIR; };
		A21185EA1B2E3F93006E35B3 /* Info.plist */ = {isa = PBXFileReference; lastKnownFileType = text.plist.xml; path = Info.plist; sourceTree = "<group>"; };
		A21185EB1B2E3F94006E35B3 /* PushNotificationPayload.apns */ = {isa = PBXFileReference; lastKnownFileType = text; path = PushNotificationPayload.apns; sourceTree = "<group>"; };
		A21185EE1B2E3F94006E35B3 /* NotificationController.swift */ = {isa = PBXFileReference; lastKnownFileType = sourcecode.swift; path = NotificationController.swift; sourceTree = "<group>"; };
		A21185F01B2E3F94006E35B3 /* Images.xcassets */ = {isa = PBXFileReference; lastKnownFileType = folder.assetcatalog; path = Images.xcassets; sourceTree = "<group>"; };
		A21185F41B2E3F94006E35B3 /* BaseballLine WatchKit App.app */ = {isa = PBXFileReference; explicitFileType = wrapper.application; includeInIndex = 0; path = "BaseballLine WatchKit App.app"; sourceTree = BUILT_PRODUCTS_DIR; };
		A21185FA1B2E3F94006E35B3 /* Info.plist */ = {isa = PBXFileReference; lastKnownFileType = text.plist.xml; path = Info.plist; sourceTree = "<group>"; };
		A21185FC1B2E3F94006E35B3 /* Base */ = {isa = PBXFileReference; lastKnownFileType = file.storyboard; name = Base; path = Base.lproj/Interface.storyboard; sourceTree = "<group>"; };
		A21185FE1B2E3F94006E35B3 /* Images.xcassets */ = {isa = PBXFileReference; lastKnownFileType = folder.assetcatalog; path = Images.xcassets; sourceTree = "<group>"; };
		A22603071B58609D00DE72A1 /* DivisionHeaderCell.swift */ = {isa = PBXFileReference; fileEncoding = 4; lastKnownFileType = sourcecode.swift; path = DivisionHeaderCell.swift; sourceTree = "<group>"; };
		A2962B1F1B2FAAC700AA96C2 /* TabBarController.swift */ = {isa = PBXFileReference; fileEncoding = 4; lastKnownFileType = sourcecode.swift; path = TabBarController.swift; sourceTree = "<group>"; };
		A2962B241B2FABF500AA96C2 /* ConfigTableViewCell.swift */ = {isa = PBXFileReference; fileEncoding = 4; lastKnownFileType = sourcecode.swift; path = ConfigTableViewCell.swift; sourceTree = "<group>"; };
		A2962B261B2FAECB00AA96C2 /* BaseballLine.entitlements */ = {isa = PBXFileReference; lastKnownFileType = text.xml; path = BaseballLine.entitlements; sourceTree = "<group>"; };
		A2962B271B2FAEDD00AA96C2 /* BaseballLine WatchKit Extension.entitlements */ = {isa = PBXFileReference; lastKnownFileType = text.xml; path = "BaseballLine WatchKit Extension.entitlements"; sourceTree = "<group>"; };
		A2CBCCA11B2FB1AA00034EE0 /* Base */ = {isa = PBXFileReference; lastKnownFileType = file.storyboard; name = Base; path = Base.lproj/Main.storyboard; sourceTree = "<group>"; };
		A2CBCCA41B2FB1B200034EE0 /* Base */ = {isa = PBXFileReference; lastKnownFileType = file.xib; name = Base; path = Base.lproj/LaunchScreen.xib; sourceTree = "<group>"; };
		A2CBCCA81B2FB78200034EE0 /* TeamDetailController.swift */ = {isa = PBXFileReference; fileEncoding = 4; lastKnownFileType = sourcecode.swift; path = TeamDetailController.swift; sourceTree = "<group>"; };
		A2CBCCA91B2FB78200034EE0 /* TeamDetailRowController.swift */ = {isa = PBXFileReference; fileEncoding = 4; lastKnownFileType = sourcecode.swift; path = TeamDetailRowController.swift; sourceTree = "<group>"; };
		A2CBCCAE1B2FB7BE00034EE0 /* TeamsRowController.swift */ = {isa = PBXFileReference; fileEncoding = 4; lastKnownFileType = sourcecode.swift; path = TeamsRowController.swift; sourceTree = "<group>"; };
		A2CBCCB21B2FBEF100034EE0 /* InterfaceController.swift */ = {isa = PBXFileReference; fileEncoding = 4; lastKnownFileType = sourcecode.swift; path = InterfaceController.swift; sourceTree = "<group>"; };
/* End PBXFileReference section */

/* Begin PBXFrameworksBuildPhase section */
		A21185B91B2E3ECE006E35B3 /* Frameworks */ = {
			isa = PBXFrameworksBuildPhase;
			buildActionMask = 2147483647;
			files = (
			);
			runOnlyForDeploymentPostprocessing = 0;
		};
		A21185D01B2E3ED1006E35B3 /* Frameworks */ = {
			isa = PBXFrameworksBuildPhase;
			buildActionMask = 2147483647;
			files = (
			);
			runOnlyForDeploymentPostprocessing = 0;
		};
		A21185E41B2E3F93006E35B3 /* Frameworks */ = {
			isa = PBXFrameworksBuildPhase;
			buildActionMask = 2147483647;
			files = (
			);
			runOnlyForDeploymentPostprocessing = 0;
		};
/* End PBXFrameworksBuildPhase section */

/* Begin PBXGroup section */
		A21185B31B2E3ECE006E35B3 = {
			isa = PBXGroup;
			children = (
				A21185BE1B2E3ECF006E35B3 /* BaseballLine */,
				A21185D61B2E3ED1006E35B3 /* BaseballLineTests */,
				A21185E81B2E3F93006E35B3 /* BaseballLine WatchKit Extension */,
				A21185F81B2E3F94006E35B3 /* BaseballLine WatchKit App */,
				A21185BD1B2E3ECF006E35B3 /* Products */,
			);
			sourceTree = "<group>";
		};
		A21185BD1B2E3ECF006E35B3 /* Products */ = {
			isa = PBXGroup;
			children = (
				A21185BC1B2E3ECF006E35B3 /* BaseballLine.app */,
				A21185D31B2E3ED1006E35B3 /* BaseballLineTests.xctest */,
				A21185E71B2E3F93006E35B3 /* BaseballLine WatchKit Extension.appex */,
				A21185F41B2E3F94006E35B3 /* BaseballLine WatchKit App.app */,
			);
			name = Products;
			sourceTree = "<group>";
		};
		A21185BE1B2E3ECF006E35B3 /* BaseballLine */ = {
			isa = PBXGroup;
			children = (
				A20DEEB41B573F710056BA77 /* MasterViewController.swift */,
				A20DEEB51B573F710056BA77 /* DetailViewController.swift */,
				A20DEEB61B573F710056BA77 /* ConfigChoiceViewController.swift */,
				A20DEEB71B573F710056BA77 /* ConfigViewController.swift */,
				A2CBCCA31B2FB1B200034EE0 /* LaunchScreen.xib */,
				A2CBCCA01B2FB1AA00034EE0 /* Main.storyboard */,
				A2962B261B2FAECB00AA96C2 /* BaseballLine.entitlements */,
				A2962B241B2FABF500AA96C2 /* ConfigTableViewCell.swift */,
				A2962B1F1B2FAAC700AA96C2 /* TabBarController.swift */,
				A22603071B58609D00DE72A1 /* DivisionHeaderCell.swift */,
				A21185C11B2E3ECF006E35B3 /* AppDelegate.swift */,
				A21185CA1B2E3ED0006E35B3 /* Images.xcassets */,
				A21185BF1B2E3ECF006E35B3 /* Supporting Files */,
			);
			path = BaseballLine;
			sourceTree = "<group>";
		};
		A21185BF1B2E3ECF006E35B3 /* Supporting Files */ = {
			isa = PBXGroup;
			children = (
				A21185C01B2E3ECF006E35B3 /* Info.plist */,
			);
			name = "Supporting Files";
			sourceTree = "<group>";
		};
		A21185D61B2E3ED1006E35B3 /* BaseballLineTests */ = {
			isa = PBXGroup;
			children = (
				A21185D91B2E3ED1006E35B3 /* BaseballLineTests.swift */,
				A21185D71B2E3ED1006E35B3 /* Supporting Files */,
			);
			path = BaseballLineTests;
			sourceTree = "<group>";
		};
		A21185D71B2E3ED1006E35B3 /* Supporting Files */ = {
			isa = PBXGroup;
			children = (
				A21185D81B2E3ED1006E35B3 /* Info.plist */,
			);
			name = "Supporting Files";
			sourceTree = "<group>";
		};
		A21185E81B2E3F93006E35B3 /* BaseballLine WatchKit Extension */ = {
			isa = PBXGroup;
			children = (
				A2CBCCB21B2FBEF100034EE0 /* InterfaceController.swift */,
				A2CBCCAE1B2FB7BE00034EE0 /* TeamsRowController.swift */,
				A2CBCCA81B2FB78200034EE0 /* TeamDetailController.swift */,
				A2CBCCA91B2FB78200034EE0 /* TeamDetailRowController.swift */,
				A2962B271B2FAEDD00AA96C2 /* BaseballLine WatchKit Extension.entitlements */,
				A21185EE1B2E3F94006E35B3 /* NotificationController.swift */,
				A21185F01B2E3F94006E35B3 /* Images.xcassets */,
				A21185E91B2E3F93006E35B3 /* Supporting Files */,
			);
			path = "BaseballLine WatchKit Extension";
			sourceTree = "<group>";
		};
		A21185E91B2E3F93006E35B3 /* Supporting Files */ = {
			isa = PBXGroup;
			children = (
				A21185EA1B2E3F93006E35B3 /* Info.plist */,
				A21185EB1B2E3F94006E35B3 /* PushNotificationPayload.apns */,
			);
			name = "Supporting Files";
			sourceTree = "<group>";
		};
		A21185F81B2E3F94006E35B3 /* BaseballLine WatchKit App */ = {
			isa = PBXGroup;
			children = (
				A21185FB1B2E3F94006E35B3 /* Interface.storyboard */,
				A21185FE1B2E3F94006E35B3 /* Images.xcassets */,
				A21185F91B2E3F94006E35B3 /* Supporting Files */,
			);
			path = "BaseballLine WatchKit App";
			sourceTree = "<group>";
		};
		A21185F91B2E3F94006E35B3 /* Supporting Files */ = {
			isa = PBXGroup;
			children = (
				A21185FA1B2E3F94006E35B3 /* Info.plist */,
			);
			name = "Supporting Files";
			sourceTree = "<group>";
		};
/* End PBXGroup section */

/* Begin PBXNativeTarget section */
		A21185BB1B2E3ECE006E35B3 /* BaseballLine */ = {
			isa = PBXNativeTarget;
			buildConfigurationList = A21185DD1B2E3ED1006E35B3 /* Build configuration list for PBXNativeTarget "BaseballLine" */;
			buildPhases = (
				A21185B81B2E3ECE006E35B3 /* Sources */,
				A21185B91B2E3ECE006E35B3 /* Frameworks */,
				A21185BA1B2E3ECE006E35B3 /* Resources */,
				A21186091B2E3F94006E35B3 /* Embed App Extensions */,
			);
			buildRules = (
			);
			dependencies = (
				A21186011B2E3F94006E35B3 /* PBXTargetDependency */,
			);
			name = BaseballLine;
			productName = BaseballLine;
			productReference = A21185BC1B2E3ECF006E35B3 /* BaseballLine.app */;
			productType = "com.apple.product-type.application";
		};
		A21185D21B2E3ED1006E35B3 /* BaseballLineTests */ = {
			isa = PBXNativeTarget;
			buildConfigurationList = A21185E01B2E3ED1006E35B3 /* Build configuration list for PBXNativeTarget "BaseballLineTests" */;
			buildPhases = (
				A21185CF1B2E3ED1006E35B3 /* Sources */,
				A21185D01B2E3ED1006E35B3 /* Frameworks */,
				A21185D11B2E3ED1006E35B3 /* Resources */,
			);
			buildRules = (
			);
			dependencies = (
				A21185D51B2E3ED1006E35B3 /* PBXTargetDependency */,
			);
			name = BaseballLineTests;
			productName = BaseballLineTests;
			productReference = A21185D31B2E3ED1006E35B3 /* BaseballLineTests.xctest */;
			productType = "com.apple.product-type.bundle.unit-test";
		};
		A21185E61B2E3F93006E35B3 /* BaseballLine WatchKit Extension */ = {
			isa = PBXNativeTarget;
			buildConfigurationList = A21186061B2E3F94006E35B3 /* Build configuration list for PBXNativeTarget "BaseballLine WatchKit Extension" */;
			buildPhases = (
				A21185E31B2E3F93006E35B3 /* Sources */,
				A21185E41B2E3F93006E35B3 /* Frameworks */,
				A21185E51B2E3F93006E35B3 /* Resources */,
			);
			buildRules = (
			);
			dependencies = (
				A21185F71B2E3F94006E35B3 /* PBXTargetDependency */,
			);
			name = "BaseballLine WatchKit Extension";
			productName = "BaseballLine WatchKit Extension";
			productReference = A21185E71B2E3F93006E35B3 /* BaseballLine WatchKit Extension.appex */;
			productType = "com.apple.product-type.watchkit-extension";
		};
		A21185F31B2E3F94006E35B3 /* BaseballLine WatchKit App */ = {
			isa = PBXNativeTarget;
			buildConfigurationList = A21186031B2E3F94006E35B3 /* Build configuration list for PBXNativeTarget "BaseballLine WatchKit App" */;
			buildPhases = (
				A21185F21B2E3F94006E35B3 /* Resources */,
			);
			buildRules = (
			);
			dependencies = (
			);
			name = "BaseballLine WatchKit App";
			productName = "BaseballLine WatchKit App";
			productReference = A21185F41B2E3F94006E35B3 /* BaseballLine WatchKit App.app */;
			productType = "com.apple.product-type.application.watchapp";
		};
/* End PBXNativeTarget section */

/* Begin PBXProject section */
		A21185B41B2E3ECE006E35B3 /* Project object */ = {
			isa = PBXProject;
			attributes = {
				LastUpgradeCheck = 0630;
				ORGANIZATIONNAME = "Wendy Sarrett";
				TargetAttributes = {
					A21185BB1B2E3ECE006E35B3 = {
						CreatedOnToolsVersion = 6.3.2;
						DevelopmentTeam = 8S36RASUUB;
						SystemCapabilities = {
							com.apple.ApplicationGroups.iOS = {
								enabled = 1;
							};
						};
					};
					A21185D21B2E3ED1006E35B3 = {
						CreatedOnToolsVersion = 6.3.2;
						DevelopmentTeam = 8S36RASUUB;
						TestTargetID = A21185BB1B2E3ECE006E35B3;
					};
					A21185E61B2E3F93006E35B3 = {
						CreatedOnToolsVersion = 6.3.2;
						DevelopmentTeam = 8S36RASUUB;
						SystemCapabilities = {
							com.apple.ApplicationGroups.iOS = {
								enabled = 1;
							};
						};
					};
					A21185F31B2E3F94006E35B3 = {
						CreatedOnToolsVersion = 6.3.2;
						DevelopmentTeam = 8S36RASUUB;
					};
				};
			};
			buildConfigurationList = A21185B71B2E3ECE006E35B3 /* Build configuration list for PBXProject "BaseballLine" */;
			compatibilityVersion = "Xcode 3.2";
			developmentRegion = English;
			hasScannedForEncodings = 0;
			knownRegions = (
				en,
				Base,
			);
			mainGroup = A21185B31B2E3ECE006E35B3;
			productRefGroup = A21185BD1B2E3ECF006E35B3 /* Products */;
			projectDirPath = "";
			projectRoot = "";
			targets = (
				A21185BB1B2E3ECE006E35B3 /* BaseballLine */,
				A21185D21B2E3ED1006E35B3 /* BaseballLineTests */,
				A21185E61B2E3F93006E35B3 /* BaseballLine WatchKit Extension */,
				A21185F31B2E3F94006E35B3 /* BaseballLine WatchKit App */,
			);
		};
/* End PBXProject section */

/* Begin PBXResourcesBuildPhase section */
		A21185BA1B2E3ECE006E35B3 /* Resources */ = {
			isa = PBXResourcesBuildPhase;
			buildActionMask = 2147483647;
			files = (
				A21185CB1B2E3ED0006E35B3 /* Images.xcassets in Resources */,
				A2CBCCA51B2FB1B200034EE0 /* LaunchScreen.xib in Resources */,
				A2CBCCA21B2FB1AA00034EE0 /* Main.storyboard in Resources */,
			);
			runOnlyForDeploymentPostprocessing = 0;
		};
		A21185D11B2E3ED1006E35B3 /* Resources */ = {
			isa = PBXResourcesBuildPhase;
			buildActionMask = 2147483647;
			files = (
			);
			runOnlyForDeploymentPostprocessing = 0;
		};
		A21185E51B2E3F93006E35B3 /* Resources */ = {
			isa = PBXResourcesBuildPhase;
			buildActionMask = 2147483647;
			files = (
				A21185F51B2E3F94006E35B3 /* BaseballLine WatchKit App.app in Resources */,
				A21185F11B2E3F94006E35B3 /* Images.xcassets in Resources */,
			);
			runOnlyForDeploymentPostprocessing = 0;
		};
		A21185F21B2E3F94006E35B3 /* Resources */ = {
			isa = PBXResourcesBuildPhase;
			buildActionMask = 2147483647;
			files = (
				A21185FD1B2E3F94006E35B3 /* Interface.storyboard in Resources */,
				A21185FF1B2E3F94006E35B3 /* Images.xcassets in Resources */,
			);
			runOnlyForDeploymentPostprocessing = 0;
		};
/* End PBXResourcesBuildPhase section */

/* Begin PBXSourcesBuildPhase section */
		A21185B81B2E3ECE006E35B3 /* Sources */ = {
			isa = PBXSourcesBuildPhase;
			buildActionMask = 2147483647;
			files = (
				A20DEEB81B573F710056BA77 /* MasterViewController.swift in Sources */,
				A22603081B58609D00DE72A1 /* DivisionHeaderCell.swift in Sources */,
				A20DEEBB1B573F710056BA77 /* ConfigViewController.swift in Sources */,
				A2962B211B2FAAC700AA96C2 /* TabBarController.swift in Sources */,
				A20DEEB91B573F710056BA77 /* DetailViewController.swift in Sources */,
				A20DEEBA1B573F710056BA77 /* ConfigChoiceViewController.swift in Sources */,
				A21185C21B2E3ECF006E35B3 /* AppDelegate.swift in Sources */,
				A2962B251B2FABF500AA96C2 /* ConfigTableViewCell.swift in Sources */,
			);
			runOnlyForDeploymentPostprocessing = 0;
		};
		A21185CF1B2E3ED1006E35B3 /* Sources */ = {
			isa = PBXSourcesBuildPhase;
			buildActionMask = 2147483647;
			files = (
				A21185DA1B2E3ED1006E35B3 /* BaseballLineTests.swift in Sources */,
			);
			runOnlyForDeploymentPostprocessing = 0;
		};
		A21185E31B2E3F93006E35B3 /* Sources */ = {
			isa = PBXSourcesBuildPhase;
			buildActionMask = 2147483647;
			files = (
				A2CBCCB51B2FC37700034EE0 /* InterfaceController.swift in Sources */,
				A2CBCCAC1B2FB78200034EE0 /* TeamDetailRowController.swift in Sources */,
				A2CBCCAF1B2FB7BE00034EE0 /* TeamsRowController.swift in Sources */,
				A21185EF1B2E3F94006E35B3 /* NotificationController.swift in Sources */,
				A2CBCCAB1B2FB78200034EE0 /* TeamDetailController.swift in Sources */,
			);
			runOnlyForDeploymentPostprocessing = 0;
		};
/* End PBXSourcesBuildPhase section */

/* Begin PBXTargetDependency section */
		A21185D51B2E3ED1006E35B3 /* PBXTargetDependency */ = {
			isa = PBXTargetDependency;
			target = A21185BB1B2E3ECE006E35B3 /* BaseballLine */;
			targetProxy = A21185D41B2E3ED1006E35B3 /* PBXContainerItemProxy */;
		};
		A21185F71B2E3F94006E35B3 /* PBXTargetDependency */ = {
			isa = PBXTargetDependency;
			target = A21185F31B2E3F94006E35B3 /* BaseballLine WatchKit App */;
			targetProxy = A21185F61B2E3F94006E35B3 /* PBXContainerItemProxy */;
		};
		A21186011B2E3F94006E35B3 /* PBXTargetDependency */ = {
			isa = PBXTargetDependency;
			target = A21185E61B2E3F93006E35B3 /* BaseballLine WatchKit Extension */;
			targetProxy = A21186001B2E3F94006E35B3 /* PBXContainerItemProxy */;
		};
/* End PBXTargetDependency section */

/* Begin PBXVariantGroup section */
		A21185FB1B2E3F94006E35B3 /* Interface.storyboard */ = {
			isa = PBXVariantGroup;
			children = (
				A21185FC1B2E3F94006E35B3 /* Base */,
			);
			name = Interface.storyboard;
			sourceTree = "<group>";
		};
		A2CBCCA01B2FB1AA00034EE0 /* Main.storyboard */ = {
			isa = PBXVariantGroup;
			children = (
				A2CBCCA11B2FB1AA00034EE0 /* Base */,
			);
			name = Main.storyboard;
			sourceTree = "<group>";
		};
		A2CBCCA31B2FB1B200034EE0 /* LaunchScreen.xib */ = {
			isa = PBXVariantGroup;
			children = (
				A2CBCCA41B2FB1B200034EE0 /* Base */,
			);
			name = LaunchScreen.xib;
			sourceTree = "<group>";
		};
/* End PBXVariantGroup section */

/* Begin XCBuildConfiguration section */
		A21185DB1B2E3ED1006E35B3 /* Debug */ = {
			isa = XCBuildConfiguration;
			buildSettings = {
				ALWAYS_SEARCH_USER_PATHS = NO;
				CLANG_CXX_LANGUAGE_STANDARD = "gnu++0x";
				CLANG_CXX_LIBRARY = "libc++";
				CLANG_ENABLE_MODULES = YES;
				CLANG_WARN_BOOL_CONVERSION = YES;
				CLANG_WARN_CONSTANT_CONVERSION = YES;
				CLANG_WARN_DIRECT_OBJC_ISA_USAGE = YES_ERROR;
				CLANG_WARN_EMPTY_BODY = YES;
				CLANG_WARN_ENUM_CONVERSION = YES;
				CLANG_WARN_INT_CONVERSION = YES;
				CLANG_WARN_OBJC_ROOT_CLASS = YES_ERROR;
				CLANG_WARN_UNREACHABLE_CODE = YES;
				CLANG_WARN__DUPLICATE_METHOD_MATCH = YES;
				CODE_SIGN_IDENTITY = "iPhone Developer";
				"CODE_SIGN_IDENTITY[sdk=iphoneos*]" = "iPhone Developer";
				COPY_PHASE_STRIP = NO;
				DEBUG_INFORMATION_FORMAT = "dwarf-with-dsym";
				ENABLE_STRICT_OBJC_MSGSEND = YES;
				GCC_C_LANGUAGE_STANDARD = gnu99;
				GCC_DYNAMIC_NO_PIC = NO;
				GCC_OPTIMIZATION_LEVEL = 0;
				GCC_PREPROCESSOR_DEFINITIONS = (
					"DEBUG=1",
					"$(inherited)",
				);
				GCC_SYMBOLS_PRIVATE_EXTERN = NO;
				GCC_WARN_64_TO_32_BIT_CONVERSION = YES;
				GCC_WARN_ABOUT_RETURN_TYPE = YES_ERROR;
				GCC_WARN_UNDECLARED_SELECTOR = YES;
				GCC_WARN_UNINITIALIZED_AUTOS = YES_AGGRESSIVE;
				GCC_WARN_UNUSED_FUNCTION = YES;
				GCC_WARN_UNUSED_VARIABLE = YES;
				IPHONEOS_DEPLOYMENT_TARGET = 8.3;
				MTL_ENABLE_DEBUG_INFO = YES;
				ONLY_ACTIVE_ARCH = YES;
				PROVISIONING_PROFILE = "a9c46ca6-53a6-45f8-9350-75fda90169ee";
				SDKROOT = iphoneos;
				SWIFT_OPTIMIZATION_LEVEL = "-Onone";
				TEST_HOST = bj.;
			};
			name = Debug;
		};
		A21185DC1B2E3ED1006E35B3 /* Release */ = {
			isa = XCBuildConfiguration;
			buildSettings = {
				ALWAYS_SEARCH_USER_PATHS = NO;
				CLANG_CXX_LANGUAGE_STANDARD = "gnu++0x";
				CLANG_CXX_LIBRARY = "libc++";
				CLANG_ENABLE_MODULES = YES;
				CLANG_WARN_BOOL_CONVERSION = YES;
				CLANG_WARN_CONSTANT_CONVERSION = YES;
				CLANG_WARN_DIRECT_OBJC_ISA_USAGE = YES_ERROR;
				CLANG_WARN_EMPTY_BODY = YES;
				CLANG_WARN_ENUM_CONVERSION = YES;
				CLANG_WARN_INT_CONVERSION = YES;
				CLANG_WARN_OBJC_ROOT_CLASS = YES_ERROR;
				CLANG_WARN_UNREACHABLE_CODE = YES;
				CLANG_WARN__DUPLICATE_METHOD_MATCH = YES;
				CODE_SIGN_IDENTITY = "iPhone Developer";
				"CODE_SIGN_IDENTITY[sdk=iphoneos*]" = "iPhone Developer";
				COPY_PHASE_STRIP = NO;
				DEBUG_INFORMATION_FORMAT = "dwarf-with-dsym";
				ENABLE_NS_ASSERTIONS = NO;
				ENABLE_STRICT_OBJC_MSGSEND = YES;
				GCC_C_LANGUAGE_STANDARD = gnu99;
				GCC_WARN_64_TO_32_BIT_CONVERSION = YES;
				GCC_WARN_ABOUT_RETURN_TYPE = YES_ERROR;
				GCC_WARN_UNDECLARED_SELECTOR = YES;
				GCC_WARN_UNINITIALIZED_AUTOS = YES_AGGRESSIVE;
				GCC_WARN_UNUSED_FUNCTION = YES;
				GCC_WARN_UNUSED_VARIABLE = YES;
				IPHONEOS_DEPLOYMENT_TARGET = 8.3;
				LD_MAP_FILE_PATH = rder;
				MTL_ENABLE_DEBUG_INFO = NO;
				PROVISIONING_PROFILE = "a9c46ca6-53a6-45f8-9350-75fda90169ee";
				SDKROOT = iphoneos;
				TEST_HOST = bj.;
				VALIDATE_PRODUCT = YES;
			};
			name = Release;
		};
		A21185DE1B2E3ED1006E35B3 /* Debug */ = {
			isa = XCBuildConfiguration;
			buildSettings = {
				ASSETCATALOG_COMPILER_APPICON_NAME = AppIcon;
				CODE_SIGN_ENTITLEMENTS = BaseballLine/BaseballLine.entitlements;
				CODE_SIGN_IDENTITY = "iPhone Developer";
				INFOPLIST_FILE = BaseballLine/Info.plist;
				LD_RUNPATH_SEARCH_PATHS = "$(inherited) @executable_path/Frameworks";
				PRODUCT_NAME = "$(TARGET_NAME)";
			};
			name = Debug;
		};
		A21185DF1B2E3ED1006E35B3 /* Release */ = {
			isa = XCBuildConfiguration;
			buildSettings = {
				ASSETCATALOG_COMPILER_APPICON_NAME = AppIcon;
				CODE_SIGN_ENTITLEMENTS = BaseballLine/BaseballLine.entitlements;
				CODE_SIGN_IDENTITY = "iPhone Developer";
				INFOPLIST_FILE = BaseballLine/Info.plist;
				LD_RUNPATH_SEARCH_PATHS = "$(inherited) @executable_path/Frameworks";
				PRODUCT_NAME = "$(TARGET_NAME)";
			};
			name = Release;
		};
		A21185E11B2E3ED1006E35B3 /* Debug */ = {
			isa = XCBuildConfiguration;
			buildSettings = {
				BUNDLE_LOADER = "$(TEST_HOST)";
				CODE_SIGN_IDENTITY = "iPhone Developer";
				"CODE_SIGN_IDENTITY[sdk=iphoneos*]" = "iPhone Developer";
				FRAMEWORK_SEARCH_PATHS = (
					"$(SDKROOT)/Developer/Library/Frameworks",
					"$(inherited)",
				);
				GCC_PREPROCESSOR_DEFINITIONS = (
					"DEBUG=1",
					"$(inherited)",
				);
				INFOPLIST_FILE = BaseballLineTests/Info.plist;
				LD_RUNPATH_SEARCH_PATHS = "$(inherited) @executable_path/Frameworks @loader_path/Frameworks";
				PRODUCT_NAME = "$(TARGET_NAME)";
				PROVISIONING_PROFILE = "";
				TEST_HOST = "$(BUILT_PRODUCTS_DIR)/BaseballLine.app/BaseballLine";
			};
			name = Debug;
		};
		A21185E21B2E3ED1006E35B3 /* Release */ = {
			isa = XCBuildConfiguration;
			buildSettings = {
				BUNDLE_LOADER = "$(TEST_HOST)";
				CODE_SIGN_IDENTITY = "iPhone Developer";
				"CODE_SIGN_IDENTITY[sdk=iphoneos*]" = "iPhone Developer";
				FRAMEWORK_SEARCH_PATHS = (
					"$(SDKROOT)/Developer/Library/Frameworks",
					"$(inherited)",
				);
				INFOPLIST_FILE = BaseballLineTests/Info.plist;
				LD_RUNPATH_SEARCH_PATHS = "$(inherited) @executable_path/Frameworks @loader_path/Frameworks";
				PRODUCT_NAME = "$(TARGET_NAME)";
				PROVISIONING_PROFILE = "";
				TEST_HOST = "$(BUILT_PRODUCTS_DIR)/BaseballLine.app/BaseballLine";
			};
			name = Release;
		};
		A21186041B2E3F94006E35B3 /* Debug */ = {
			isa = XCBuildConfiguration;
			buildSettings = {
				ASSETCATALOG_COMPILER_APPICON_NAME = AppIcon;
				CODE_SIGN_IDENTITY = "iPhone Developer";
				"CODE_SIGN_IDENTITY[sdk=iphoneos*]" = "iPhone Developer";
				GCC_PREPROCESSOR_DEFINITIONS = (
					"DEBUG=1",
					"$(inherited)",
				);
				IBSC_MODULE = BaseballLine_WatchKit_Extension;
				INFOPLIST_FILE = "BaseballLine WatchKit App/Info.plist";
				IPHONEOS_DEPLOYMENT_TARGET = 8.2;
				PRODUCT_NAME = "$(TARGET_NAME)";
				PROVISIONING_PROFILE = "";
				SKIP_INSTALL = YES;
				TARGETED_DEVICE_FAMILY = 4;
				"TARGETED_DEVICE_FAMILY[sdk=iphonesimulator*]" = "1,4";
			};
			name = Debug;
		};
		A21186051B2E3F94006E35B3 /* Release */ = {
			isa = XCBuildConfiguration;
			buildSettings = {
				ASSETCATALOG_COMPILER_APPICON_NAME = AppIcon;
				CODE_SIGN_IDENTITY = "iPhone Developer";
				"CODE_SIGN_IDENTITY[sdk=iphoneos*]" = "iPhone Developer";
				IBSC_MODULE = BaseballLine_WatchKit_Extension;
				INFOPLIST_FILE = "BaseballLine WatchKit App/Info.plist";
				IPHONEOS_DEPLOYMENT_TARGET = 8.2;
				PRODUCT_NAME = "$(TARGET_NAME)";
				PROVISIONING_PROFILE = "";
				SKIP_INSTALL = YES;
				TARGETED_DEVICE_FAMILY = 4;
				"TARGETED_DEVICE_FAMILY[sdk=iphonesimulator*]" = "1,4";
			};
			name = Release;
		};
		A21186071B2E3F94006E35B3 /* Debug */ = {
			isa = XCBuildConfiguration;
			buildSettings = {
				CODE_SIGN_ENTITLEMENTS = "BaseballLine WatchKit Extension/BaseballLine WatchKit Extension.entitlements";
				CODE_SIGN_IDENTITY = "iPhone Developer";
				"CODE_SIGN_IDENTITY[sdk=iphoneos*]" = "iPhone Developer";
				GCC_PREPROCESSOR_DEFINITIONS = (
					"DEBUG=1",
					"$(inherited)",
				);
				INFOPLIST_FILE = "BaseballLine WatchKit Extension/Info.plist";
				LD_RUNPATH_SEARCH_PATHS = "$(inherited) @executable_path/Frameworks @executable_path/../../Frameworks";
				PRODUCT_NAME = "${TARGET_NAME}";
				PROVISIONING_PROFILE = "876cda2e-2430-4b38-81e2-96993a015767";
				SKIP_INSTALL = YES;
			};
			name = Debug;
		};
		A21186081B2E3F94006E35B3 /* Release */ = {
			isa = XCBuildConfiguration;
			buildSettings = {
				CODE_SIGN_ENTITLEMENTS = "BaseballLine WatchKit Extension/BaseballLine WatchKit Extension.entitlements";
				CODE_SIGN_IDENTITY = "iPhone Developer";
				"CODE_SIGN_IDENTITY[sdk=iphoneos*]" = "iPhone Developer";
				INFOPLIST_FILE = "BaseballLine WatchKit Extension/Info.plist";
				LD_RUNPATH_SEARCH_PATHS = "$(inherited) @executable_path/Frameworks @executable_path/../../Frameworks";
				PRODUCT_NAME = "${TARGET_NAME}";
				PROVISIONING_PROFILE = "876cda2e-2430-4b38-81e2-96993a015767";
				SKIP_INSTALL = YES;
			};
			name = Release;
		};
/* End XCBuildConfiguration section */

/* Begin XCConfigurationList section */
		A21185B71B2E3ECE006E35B3 /* Build configuration list for PBXProject "BaseballLine" */ = {
			isa = XCConfigurationList;
			buildConfigurations = (
				A21185DB1B2E3ED1006E35B3 /* Debug */,
				A21185DC1B2E3ED1006E35B3 /* Release */,
			);
			defaultConfigurationIsVisible = 0;
			defaultConfigurationName = Release;
		};
		A21185DD1B2E3ED1006E35B3 /* Build configuration list for PBXNativeTarget "BaseballLine" */ = {
			isa = XCConfigurationList;
			buildConfigurations = (
				A21185DE1B2E3ED1006E35B3 /* Debug */,
				A21185DF1B2E3ED1006E35B3 /* Release */,
			);
			defaultConfigurationIsVisible = 0;
			defaultConfigurationName = Release;
		};
		A21185E01B2E3ED1006E35B3 /* Build configuration list for PBXNativeTarget "BaseballLineTests" */ = {
			isa = XCConfigurationList;
			buildConfigurations = (
				A21185E11B2E3ED1006E35B3 /* Debug */,
				A21185E21B2E3ED1006E35B3 /* Release */,
			);
			defaultConfigurationIsVisible = 0;
			defaultConfigurationName = Release;
		};
		A21186031B2E3F94006E35B3 /* Build configuration list for PBXNativeTarget "BaseballLine WatchKit App" */ = {
			isa = XCConfigurationList;
			buildConfigurations = (
				A21186041B2E3F94006E35B3 /* Debug */,
				A21186051B2E3F94006E35B3 /* Release */,
			);
			defaultConfigurationIsVisible = 0;
			defaultConfigurationName = Release;
		};
		A21186061B2E3F94006E35B3 /* Build configuration list for PBXNativeTarget "BaseballLine WatchKit Extension" */ = {
			isa = XCConfigurationList;
			buildConfigurations = (
				A21186071B2E3F94006E35B3 /* Debug */,
				A21186081B2E3F94006E35B3 /* Release */,
			);
			defaultConfigurationIsVisible = 0;
			defaultConfigurationName = Release;
		};
/* End XCConfigurationList section */
	};
	rootObject = A21185B41B2E3ECE006E35B3 /* Project object */;
}
